{
  "name": "reefgitcoin",
  "version": "1.0.0",
  "lockfileVersion": 1,
  "requires": true,
  "dependencies": {
    "@openzeppelin/contracts": {
      "version": "4.3.2",
      "resolved": "https://registry.npmjs.org/@openzeppelin/contracts/-/contracts-4.3.2.tgz",
      "integrity": "sha512-AybF1cesONZStg5kWf6ao9OlqTZuPqddvprc0ky7lrUVOjXeKpmQ2Y9FK+6ygxasb+4aic4O5pneFBfwVsRRRg=="
    },
    "@openzeppelin/contracts-ethereum-package": {
      "version": "3.0.0",
      "resolved": "https://registry.npmjs.org/@openzeppelin/contracts-ethereum-package/-/contracts-ethereum-package-3.0.0.tgz",
      "integrity": "sha512-Xg33RtX7FGbSK/YnroLhcGNAvH30/C84NRW8KvbSdXXYiLA8YqM1bOA9sAeLjmQxXqYUn/YL4AUVTgDnG51NOw=="
    },
    "@openzeppelin/contracts-upgradeable": {
      "version": "4.3.2",
      "resolved": "https://registry.npmjs.org/@openzeppelin/contracts-upgradeable/-/contracts-upgradeable-4.3.2.tgz",
      "integrity": "sha512-i/pOaOtcqDk4UqsrOv735uYyTbn6dvfiuVu5hstsgV6c4ZKUtu88/31zT2BzkCg+3JfcwOfgg2TtRKVKKZIGkQ=="
    },
    "@pancakeswap/pancake-swap-lib": {
      "version": "0.0.4",
      "resolved": "https://registry.npmjs.org/@pancakeswap/pancake-swap-lib/-/pancake-swap-lib-0.0.4.tgz",
      "integrity": "sha512-efauTqrPQX0P2X159Z5YnAVNmD8jvFxei9iIbDU850MG7KuupfqNTfDoN2/dCMo2GomSFokG2MjW0GenZc4EFg=="
    }
  }
}
